Microsoft Visual Studio Solution File, Format Version 12.00
# Visual Studio Version 17
VisualStudioVersion = 17.5.2.0
MinimumVisualStudioVersion = 10.0.40219.1
Project("{2150E333-8FDC-42A3-9474-1A3956D46DE8}") = "piloto-csharp", "piloto-csharp", "{DF538F1C-FB9B-F90C-5FD5-65279E04A887}"
EndProject
Project("{FAE04EC0-301F-11D3-BF4B-00C04F79EFBC}") = "MonteCarlosPilot", "piloto-csharp\MonteCarlosPilot.csproj", "{8928B087-A026-84A2-AA34-77954AF43998}"
EndProject
Global
	GlobalSection(SolutionConfigurationPlatforms) = preSolution
		Debug|Any CPU = Debug|Any CPU
		Release|Any CPU = Release|Any CPU
	EndGlobalSection
	GlobalSection(ProjectConfigurationPlatforms) = postSolution
		{8928B087-A026-84A2-AA34-77954AF43998}.Debug|Any CPU.ActiveCfg = Debug|Any CPU
		{8928B087-A026-84A2-AA34-77954AF43998}.Debug|Any CPU.Build.0 = Debug|Any CPU
		{8928B087-A026-84A2-AA34-77954AF43998}.Release|Any CPU.ActiveCfg = Release|Any CPU
		{8928B087-A026-84A2-AA34-77954AF43998}.Release|Any CPU.Build.0 = Release|Any CPU
	EndGlobalSection
	GlobalSection(SolutionProperties) = preSolution
		HideSolutionNode = FALSE
	EndGlobalSection
	GlobalSection(NestedProjects) = preSolution
		{8928B087-A026-84A2-AA34-77954AF43998} = {DF538F1C-FB9B-F90C-5FD5-65279E04A887}
	EndGlobalSection
	GlobalSection(ExtensibilityGlobals) = postSolution
		SolutionGuid = {476C6FFA-1697-4C60-97F9-BBC8AAD33D72}
	EndGlobalSection
EndGlobal
